github.com/bjornarsk/funtemps v0.0.0-20230219212457-4e404cf32612 h1:2r4m/fKwv/ABA74dt3uYgpBJikwNVx8M9lWz/8YK/YI=
github.com/bjornarsk/funtemps v0.0.0-20230219212457-4e404cf32612/go.mod h1:AkRy/Oxy1m6BjTJRx8+Ve1T16L2zJaHs0VJZZt+BNsM=
github.com/bjornarsk/minyr v0.0.0-20230327120445-1267b261addd h1:KIpbY8/nQbZQdg9dxwRRgPtEWP6D5zusrT8N0uX6GEk=
github.com/bjornarsk/minyr v0.0.0-20230327120445-1267b261addd/go.mod h1:FM3KM9J+Sobq3xLiu+a0TrRXggdMgVGYkMzRdNVvTkw=
github.com/buseliiik/funtemps v1.1.1 h1:o6yH51RfuK5eaSoCSJINh6odXYPm4/hYjFswkHYhMfY=
github.com/buseliiik/funtemps v1.1.1/go.mod h1:9joswXdEuZtBifWnRZ+4DEX390XUBXoS7M7NFKpoHBI=
